// !$*UTF8*$!
{
	archiveVersion = 1;
	classes = {
	};
	objectVersion = 56;
	objects = {

/* Begin PBXBuildFile section */
		85900E752987B8A30064F967 /* TaskModel.swift in Sources */ = {isa = PBXBuildFile; fileRef = 85900E742987B8A30064F967 /* TaskModel.swift */; };
		85900E7729880D4E0064F967 /* GoogleService-Info.plist in Resources */ = {isa = PBXBuildFile; fileRef = 85900E7629880D4E0064F967 /* GoogleService-Info.plist */; };
		85900E7A29880EC70064F967 /* FirebaseAuth in Frameworks */ = {isa = PBXBuildFile; productRef = 85900E7929880EC70064F967 /* FirebaseAuth */; };
		85900E7C29880EC70064F967 /* FirebaseAuthCombine-Community in Frameworks */ = {isa = PBXBuildFile; productRef = 85900E7B29880EC70064F967 /* FirebaseAuthCombine-Community */; };
		85900E7E29880EC70064F967 /* FirebaseFirestore in Frameworks */ = {isa = PBXBuildFile; productRef = 85900E7D29880EC70064F967 /* FirebaseFirestore */; };
		85900E8029880EC70064F967 /* FirebaseFirestoreCombine-Community in Frameworks */ = {isa = PBXBuildFile; productRef = 85900E7F29880EC70064F967 /* FirebaseFirestoreCombine-Community */; };
		85900E8229880EC70064F967 /* FirebaseFirestoreSwift in Frameworks */ = {isa = PBXBuildFile; productRef = 85900E8129880EC70064F967 /* FirebaseFirestoreSwift */; };
		85917FDE2979337C006EA573 /* Buttons.swift in Sources */ = {isa = PBXBuildFile; fileRef = 85917FDD2979337C006EA573 /* Buttons.swift */; };
		85917FE4297936AC006EA573 /* Text.swift in Sources */ = {isa = PBXBuildFile; fileRef = 85917FE3297936AC006EA573 /* Text.swift */; };
		85917FE6297942C0006EA573 /* InputFields.swift in Sources */ = {isa = PBXBuildFile; fileRef = 85917FE5297942C0006EA573 /* InputFields.swift */; };
		859339F2298986A300AAF7EF /* DBCore.swift in Sources */ = {isa = PBXBuildFile; fileRef = 859339F1298986A300AAF7EF /* DBCore.swift */; };
		85A73F232986E86B00586DDF /* MainView.swift in Sources */ = {isa = PBXBuildFile; fileRef = 85A73F222986E86B00586DDF /* MainView.swift */; };
		85AD51D029717F6600CFEFC8 /* TODO_SwiftUIApp.swift in Sources */ = {isa = PBXBuildFile; fileRef = 85AD51CF29717F6600CFEFC8 /* TODO_SwiftUIApp.swift */; };
		85AD51D429717F6800CFEFC8 /* Assets.xcassets in Resources */ = {isa = PBXBuildFile; fileRef = 85AD51D329717F6800CFEFC8 /* Assets.xcassets */; };
		85AD51D729717F6800CFEFC8 /* Preview Assets.xcassets in Resources */ = {isa = PBXBuildFile; fileRef = 85AD51D629717F6800CFEFC8 /* Preview Assets.xcassets */; };
		85AD51DF2971802000CFEFC8 /* HomeView.swift in Sources */ = {isa = PBXBuildFile; fileRef = 85AD51DE2971802000CFEFC8 /* HomeView.swift */; };
		85AD51E12971802F00CFEFC8 /* LoginView.swift in Sources */ = {isa = PBXBuildFile; fileRef = 85AD51E02971802F00CFEFC8 /* LoginView.swift */; };
		85AD51E32971804900CFEFC8 /* SignupView.swift in Sources */ = {isa = PBXBuildFile; fileRef = 85AD51E22971804900CFEFC8 /* SignupView.swift */; };
		85B1570229884D49001983D8 /* Helper.swift in Sources */ = {isa = PBXBuildFile; fileRef = 85B1570129884D49001983D8 /* Helper.swift */; };
/* End PBXBuildFile section */

/* Begin PBXFileReference section */
		85900E742987B8A30064F967 /* TaskModel.swift */ = {isa = PBXFileReference; lastKnownFileType = sourcecode.swift; path = TaskModel.swift; sourceTree = "<group>"; };
		85900E7629880D4E0064F967 /* GoogleService-Info.plist */ = {isa = PBXFileReference; fileEncoding = 4; lastKnownFileType = text.plist.xml; path = "GoogleService-Info.plist"; sourceTree = "<group>"; };
		85917FDD2979337C006EA573 /* Buttons.swift */ = {isa = PBXFileReference; lastKnownFileType = sourcecode.swift; path = Buttons.swift; sourceTree = "<group>"; };
		85917FE3297936AC006EA573 /* Text.swift */ = {isa = PBXFileReference; lastKnownFileType = sourcecode.swift; path = Text.swift; sourceTree = "<group>"; };
		85917FE5297942C0006EA573 /* InputFields.swift */ = {isa = PBXFileReference; lastKnownFileType = sourcecode.swift; path = InputFields.swift; sourceTree = "<group>"; };
		859339F1298986A300AAF7EF /* DBCore.swift */ = {isa = PBXFileReference; lastKnownFileType = sourcecode.swift; path = DBCore.swift; sourceTree = "<group>"; };
		85A73F222986E86B00586DDF /* MainView.swift */ = {isa = PBXFileReference; lastKnownFileType = sourcecode.swift; path = MainView.swift; sourceTree = "<group>"; };
		85AD51CC29717F6600CFEFC8 /* TODO SwiftUI.app */ = {isa = PBXFileReference; explicitFileType = wrapper.application; includeInIndex = 0; path = "TODO SwiftUI.app"; sourceTree = BUILT_PRODUCTS_DIR; };
		85AD51CF29717F6600CFEFC8 /* TODO_SwiftUIApp.swift */ = {isa = PBXFileReference; lastKnownFileType = sourcecode.swift; path = TODO_SwiftUIApp.swift; sourceTree = "<group>"; };
		85AD51D329717F6800CFEFC8 /* Assets.xcassets */ = {isa = PBXFileReference; lastKnownFileType = folder.assetcatalog; path = Assets.xcassets; sourceTree = "<group>"; };
		85AD51D629717F6800CFEFC8 /* Preview Assets.xcassets */ = {isa = PBXFileReference; lastKnownFileType = folder.assetcatalog; path = "Preview Assets.xcassets"; sourceTree = "<group>"; };
		85AD51DE2971802000CFEFC8 /* HomeView.swift */ = {isa = PBXFileReference; lastKnownFileType = sourcecode.swift; path = HomeView.swift; sourceTree = "<group>"; };
		85AD51E02971802F00CFEFC8 /* LoginView.swift */ = {isa = PBXFileReference; lastKnownFileType = sourcecode.swift; path = LoginView.swift; sourceTree = "<group>"; };
		85AD51E22971804900CFEFC8 /* SignupView.swift */ = {isa = PBXFileReference; lastKnownFileType = sourcecode.swift; path = SignupView.swift; sourceTree = "<group>"; };
		85B1570129884D49001983D8 /* Helper.swift */ = {isa = PBXFileReference; lastKnownFileType = sourcecode.swift; path = Helper.swift; sourceTree = "<group>"; };
/* End PBXFileReference section */

/* Begin PBXFrameworksBuildPhase section */
		85AD51C929717F6600CFEFC8 /* Frameworks */ = {
			isa = PBXFrameworksBuildPhase;
			buildActionMask = 2147483647;
			files = (
				85900E8229880EC70064F967 /* FirebaseFirestoreSwift in Frameworks */,
				85900E7A29880EC70064F967 /* FirebaseAuth in Frameworks */,
				85900E8029880EC70064F967 /* FirebaseFirestoreCombine-Community in Frameworks */,
				85900E7C29880EC70064F967 /* FirebaseAuthCombine-Community in Frameworks */,
				85900E7E29880EC70064F967 /* FirebaseFirestore in Frameworks */,
			);
			runOnlyForDeploymentPostprocessing = 0;
		};
/* End PBXFrameworksBuildPhase section */

/* Begin PBXGroup section */
		85917FDC29793357006EA573 /* View */ = {
			isa = PBXGroup;
			children = (
				85AD51DE2971802000CFEFC8 /* HomeView.swift */,
				85AD51E22971804900CFEFC8 /* SignupView.swift */,
				85AD51E02971802F00CFEFC8 /* LoginView.swift */,
				85A73F222986E86B00586DDF /* MainView.swift */,
			);
			path = View;
			sourceTree = "<group>";
		};
		85917FE02979342E006EA573 /* Components */ = {
			isa = PBXGroup;
			children = (
				85917FDD2979337C006EA573 /* Buttons.swift */,
				85917FE3297936AC006EA573 /* Text.swift */,
				85917FE5297942C0006EA573 /* InputFields.swift */,
				85900E742987B8A30064F967 /* TaskModel.swift */,
				85B1570129884D49001983D8 /* Helper.swift */,
				859339F1298986A300AAF7EF /* DBCore.swift */,
			);
			path = Components;
			sourceTree = "<group>";
		};
		85AD51C329717F6600CFEFC8 = {
			isa = PBXGroup;
			children = (
				85AD51CE29717F6600CFEFC8 /* TODO SwiftUI */,
				85AD51CD29717F6600CFEFC8 /* Products */,
			);
			sourceTree = "<group>";
		};
		85AD51CD29717F6600CFEFC8 /* Products */ = {
			isa = PBXGroup;
			children = (
				85AD51CC29717F6600CFEFC8 /* TODO SwiftUI.app */,
			);
			name = Products;
			sourceTree = "<group>";
		};
		85AD51CE29717F6600CFEFC8 /* TODO SwiftUI */ = {
			isa = PBXGroup;
			children = (
				85AD51CF29717F6600CFEFC8 /* TODO_SwiftUIApp.swift */,
				85900E7629880D4E0064F967 /* GoogleService-Info.plist */,
				85AD51DD2971800100CFEFC8 /* Models */,
				85AD51D329717F6800CFEFC8 /* Assets.xcassets */,
				85AD51D529717F6800CFEFC8 /* Preview Content */,
			);
			path = "TODO SwiftUI";
			sourceTree = "<group>";
		};
		85AD51D529717F6800CFEFC8 /* Preview Content */ = {
			isa = PBXGroup;
			children = (
				85AD51D629717F6800CFEFC8 /* Preview Assets.xcassets */,
			);
			path = "Preview Content";
			sourceTree = "<group>";
		};
		85AD51DD2971800100CFEFC8 /* Models */ = {
			isa = PBXGroup;
			children = (
				85917FDC29793357006EA573 /* View */,
				85917FE02979342E006EA573 /* Components */,
			);
			path = Models;
			sourceTree = "<group>";
		};
/* End PBXGroup section */

/* Begin PBXNativeTarget section */
		85AD51CB29717F6600CFEFC8 /* TODO SwiftUI */ = {
			isa = PBXNativeTarget;
			buildConfigurationList = 85AD51DA29717F6800CFEFC8 /* Build configuration list for PBXNativeTarget "TODO SwiftUI" */;
			buildPhases = (
				85AD51C829717F6600CFEFC8 /* Sources */,
				85AD51C929717F6600CFEFC8 /* Frameworks */,
				85AD51CA29717F6600CFEFC8 /* Resources */,
			);
			buildRules = (
			);
			dependencies = (
			);
			name = "TODO SwiftUI";
			packageProductDependencies = (
				85900E7929880EC70064F967 /* FirebaseAuth */,
				85900E7B29880EC70064F967 /* FirebaseAuthCombine-Community */,
				85900E7D29880EC70064F967 /* FirebaseFirestore */,
				85900E7F29880EC70064F967 /* FirebaseFirestoreCombine-Community */,
				85900E8129880EC70064F967 /* FirebaseFirestoreSwift */,
			);
			productName = "TODO SwiftUI";
			productReference = 85AD51CC29717F6600CFEFC8 /* TODO SwiftUI.app */;
			productType = "com.apple.product-type.application";
		};
/* End PBXNativeTarget section */

/* Begin PBXProject section */
		85AD51C429717F6600CFEFC8 /* Project object */ = {
			isa = PBXProject;
			attributes = {
				BuildIndependentTargetsInParallel = 1;
				LastSwiftUpdateCheck = 1420;
				LastUpgradeCheck = 1420;
				TargetAttributes = {
					85AD51CB29717F6600CFEFC8 = {
						CreatedOnToolsVersion = 14.2;
					};
				};
			};
			buildConfigurationList = 85AD51C729717F6600CFEFC8 /* Build configuration list for PBXProject "TODO SwiftUI" */;
			compatibilityVersion = "Xcode 14.0";
			developmentRegion = en;
			hasScannedForEncodings = 0;
			knownRegions = (
				en,
				Base,
			);
			mainGroup = 85AD51C329717F6600CFEFC8;
			packageReferences = (
				85900E7829880EC70064F967 /* XCRemoteSwiftPackageReference "firebase-ios-sdk" */,
			);
			productRefGroup = 85AD51CD29717F6600CFEFC8 /* Products */;
			projectDirPath = "";
			projectRoot = "";
			targets = (
				85AD51CB29717F6600CFEFC8 /* TODO SwiftUI */,
			);
		};
/* End PBXProject section */

/* Begin PBXResourcesBuildPhase section */
		85AD51CA29717F6600CFEFC8 /* Resources */ = {
			isa = PBXResourcesBuildPhase;
			buildActionMask = 2147483647;
			files = (
				85AD51D729717F6800CFEFC8 /* Preview Assets.xcassets in Resources */,
				85AD51D429717F6800CFEFC8 /* Assets.xcassets in Resources */,
				85900E7729880D4E0064F967 /* GoogleService-Info.plist in Resources */,
			);
			runOnlyForDeploymentPostprocessing = 0;
		};
/* End PBXResourcesBuildPhase section */

/* Begin PBXSourcesBuildPhase section */
		85AD51C829717F6600CFEFC8 /* Sources */ = {
			isa = PBXSourcesBuildPhase;
			buildActionMask = 2147483647;
			files = (
				85AD51DF2971802000CFEFC8 /* HomeView.swift in Sources */,
				85A73F232986E86B00586DDF /* MainView.swift in Sources */,
				85AD51E12971802F00CFEFC8 /* LoginView.swift in Sources */,
				85900E752987B8A30064F967 /* TaskModel.swift in Sources */,
				85917FE4297936AC006EA573 /* Text.swift in Sources */,
				859339F2298986A300AAF7EF /* DBCore.swift in Sources */,
				85917FDE2979337C006EA573 /* Buttons.swift in Sources */,
				85AD51D029717F6600CFEFC8 /* TODO_SwiftUIApp.swift in Sources */,
				85B1570229884D49001983D8 /* Helper.swift in Sources */,
				85917FE6297942C0006EA573 /* InputFields.swift in Sources */,
				85AD51E32971804900CFEFC8 /* SignupView.swift in Sources */,
			);
			runOnlyForDeploymentPostprocessing = 0;
		};
/* End PBXSourcesBuildPhase section */

/* Begin XCBuildConfiguration section */
		85AD51D829717F6800CFEFC8 /* Debug */ = {
			isa = XCBuildConfiguration;
			buildSettings = {
				ALWAYS_SEARCH_USER_PATHS = NO;
				CLANG_ANALYZER_NONNULL = YES;
				CLANG_ANALYZER_NUMBER_OBJECT_CONVERSION = YES_AGGRESSIVE;
				CLANG_CXX_LANGUAGE_STANDARD = "gnu++20";
				CLANG_ENABLE_MODULES = YES;
				CLANG_ENABLE_OBJC_ARC = YES;
				CLANG_ENABLE_OBJC_WEAK = YES;
				CLANG_WARN_BLOCK_CAPTURE_AUTORELEASING = YES;
				CLANG_WARN_BOOL_CONVERSION = YES;
				CLANG_WARN_COMMA = YES;
				CLANG_WARN_CONSTANT_CONVERSION = YES;
				CLANG_WARN_DEPRECATED_OBJC_IMPLEMENTATIONS = YES;
				CLANG_WARN_DIRECT_OBJC_ISA_USAGE = YES_ERROR;
				CLANG_WARN_DOCUMENTATION_COMMENTS = YES;
				CLANG_WARN_EMPTY_BODY = YES;
				CLANG_WARN_ENUM_CONVERSION = YES;
				CLANG_WARN_INFINITE_RECURSION = YES;
				CLANG_WARN_INT_CONVERSION = YES;
				CLANG_WARN_NON_LITERAL_NULL_CONVERSION = YES;
				CLANG_WARN_OBJC_IMPLICIT_RETAIN_SELF = YES;
				CLANG_WARN_OBJC_LITERAL_CONVERSION = YES;
				CLANG_WARN_OBJC_ROOT_CLASS = YES_ERROR;
				CLANG_WARN_QUOTED_INCLUDE_IN_FRAMEWORK_HEADER = YES;
				CLANG_WARN_RANGE_LOOP_ANALYSIS = YES;
				CLANG_WARN_STRICT_PROTOTYPES = YES;
				CLANG_WARN_SUSPICIOUS_MOVE = YES;
				CLANG_WARN_UNGUARDED_AVAILABILITY = YES_AGGRESSIVE;
				CLANG_WARN_UNREACHABLE_CODE = YES;
				CLANG_WARN__DUPLICATE_METHOD_MATCH = YES;
				COPY_PHASE_STRIP = NO;
				DEBUG_INFORMATION_FORMAT = dwarf;
				ENABLE_STRICT_OBJC_MSGSEND = YES;
				ENABLE_TESTABILITY = YES;
				GCC_C_LANGUAGE_STANDARD = gnu11;
				GCC_DYNAMIC_NO_PIC = NO;
				GCC_NO_COMMON_BLOCKS = YES;
				GCC_OPTIMIZATION_LEVEL = 0;
				GCC_PREPROCESSOR_DEFINITIONS = (
					"DEBUG=1",
					"$(inherited)",
				);
				GCC_WARN_64_TO_32_BIT_CONVERSION = YES;
				GCC_WARN_ABOUT_RETURN_TYPE = YES_ERROR;
				GCC_WARN_UNDECLARED_SELECTOR = YES;
				GCC_WARN_UNINITIALIZED_AUTOS = YES_AGGRESSIVE;
				GCC_WARN_UNUSED_FUNCTION = YES;
				GCC_WARN_UNUSED_VARIABLE = YES;
				IPHONEOS_DEPLOYMENT_TARGET = 16.2;
				MTL_ENABLE_DEBUG_INFO = INCLUDE_SOURCE;
				MTL_FAST_MATH = YES;
				ONLY_ACTIVE_ARCH = YES;
				SDKROOT = iphoneos;
				SWIFT_ACTIVE_COMPILATION_CONDITIONS = DEBUG;
				SWIFT_OPTIMIZATION_LEVEL = "-Onone";
			};
			name = Debug;
		};
		85AD51D929717F6800CFEFC8 /* Release */ = {
			isa = XCBuildConfiguration;
			buildSettings = {
				ALWAYS_SEARCH_USER_PATHS = NO;
				CLANG_ANALYZER_NONNULL = YES;
				CLANG_ANALYZER_NUMBER_OBJECT_CONVERSION = YES_AGGRESSIVE;
				CLANG_CXX_LANGUAGE_STANDARD = "gnu++20";
				CLANG_ENABLE_MODULES = YES;
				CLANG_ENABLE_OBJC_ARC = YES;
				CLANG_ENABLE_OBJC_WEAK = YES;
				CLANG_WARN_BLOCK_CAPTURE_AUTORELEASING = YES;
				CLANG_WARN_BOOL_CONVERSION = YES;
				CLANG_WARN_COMMA = YES;
				CLANG_WARN_CONSTANT_CONVERSION = YES;
				CLANG_WARN_DEPRECATED_OBJC_IMPLEMENTATIONS = YES;
				CLANG_WARN_DIRECT_OBJC_ISA_USAGE = YES_ERROR;
				CLANG_WARN_DOCUMENTATION_COMMENTS = YES;
				CLANG_WARN_EMPTY_BODY = YES;
				CLANG_WARN_ENUM_CONVERSION = YES;
				CLANG_WARN_INFINITE_RECURSION = YES;
				CLANG_WARN_INT_CONVERSION = YES;
				CLANG_WARN_NON_LITERAL_NULL_CONVERSION = YES;
				CLANG_WARN_OBJC_IMPLICIT_RETAIN_SELF = YES;
				CLANG_WARN_OBJC_LITERAL_CONVERSION = YES;
				CLANG_WARN_OBJC_ROOT_CLASS = YES_ERROR;
				CLANG_WARN_QUOTED_INCLUDE_IN_FRAMEWORK_HEADER = YES;
				CLANG_WARN_RANGE_LOOP_ANALYSIS = YES;
				CLANG_WARN_STRICT_PROTOTYPES = YES;
				CLANG_WARN_SUSPICIOUS_MOVE = YES;
				CLANG_WARN_UNGUARDED_AVAILABILITY = YES_AGGRESSIVE;
				CLANG_WARN_UNREACHABLE_CODE = YES;
				CLANG_WARN__DUPLICATE_METHOD_MATCH = YES;
				COPY_PHASE_STRIP = NO;
				DEBUG_INFORMATION_FORMAT = "dwarf-with-dsym";
				ENABLE_NS_ASSERTIONS = NO;
				ENABLE_STRICT_OBJC_MSGSEND = YES;
				GCC_C_LANGUAGE_STANDARD = gnu11;
				GCC_NO_COMMON_BLOCKS = YES;
				GCC_WARN_64_TO_32_BIT_CONVERSION = YES;
				GCC_WARN_ABOUT_RETURN_TYPE = YES_ERROR;
				GCC_WARN_UNDECLARED_SELECTOR = YES;
				GCC_WARN_UNINITIALIZED_AUTOS = YES_AGGRESSIVE;
				GCC_WARN_UNUSED_FUNCTION = YES;
				GCC_WARN_UNUSED_VARIABLE = YES;
				IPHONEOS_DEPLOYMENT_TARGET = 16.2;
				MTL_ENABLE_DEBUG_INFO = NO;
				MTL_FAST_MATH = YES;
				SDKROOT = iphoneos;
				SWIFT_COMPILATION_MODE = wholemodule;
				SWIFT_OPTIMIZATION_LEVEL = "-O";
				VALIDATE_PRODUCT = YES;
			};
			name = Release;
		};
		85AD51DB29717F6800CFEFC8 /* Debug */ = {
			isa = XCBuildConfiguration;
			buildSettings = {
				ASSETCATALOG_COMPILER_APPICON_NAME = AppIcon;
				ASSETCATALOG_COMPILER_GLOBAL_ACCENT_COLOR_NAME = AccentColor;
				CODE_SIGN_STYLE = Automatic;
				CURRENT_PROJECT_VERSION = 1;
				DEVELOPMENT_ASSET_PATHS = "\"TODO SwiftUI/Preview Content\"";
				DEVELOPMENT_TEAM = 8XKJMUFXXB;
				ENABLE_PREVIEWS = YES;
				GENERATE_INFOPLIST_FILE = YES;
				INFOPLIST_KEY_UIApplicationSceneManifest_Generation = YES;
				INFOPLIST_KEY_UIApplicationSupportsIndirectInputEvents = YES;
				INFOPLIST_KEY_UILaunchScreen_Generation = YES;
				INFOPLIST_KEY_UISupportedInterfaceOrientations_iPad = "UIInterfaceOrientationPortrait UIInterfaceOrientationPortraitUpsideDown UIInterfaceOrientationLandscapeLeft UIInterfaceOrientationLandscapeRight";
				INFOPLIST_KEY_UISupportedInterfaceOrientations_iPhone = "UIInterfaceOrientationPortrait UIInterfaceOrientationLandscapeLeft UIInterfaceOrientationLandscapeRight";
				LD_RUNPATH_SEARCH_PATHS = (
					"$(inherited)",
					"@executable_path/Frameworks",
				);
				MARKETING_VERSION = 1.0;
				PRODUCT_BUNDLE_IDENTIFIER = "com.melis.TODO-SwiftUI";
				PRODUCT_NAME = "$(TARGET_NAME)";
				SWIFT_EMIT_LOC_STRINGS = YES;
				SWIFT_VERSION = 5.0;
				TARGETED_DEVICE_FAMILY = "1,2";
			};
			name = Debug;
		};
		85AD51DC29717F6800CFEFC8 /* Release */ = {
			isa = XCBuildConfiguration;
			buildSettings = {
				ASSETCATALOG_COMPILER_APPICON_NAME = AppIcon;
				ASSETCATALOG_COMPILER_GLOBAL_ACCENT_COLOR_NAME = AccentColor;
				CODE_SIGN_STYLE = Automatic;
				CURRENT_PROJECT_VERSION = 1;
				DEVELOPMENT_ASSET_PATHS = "\"TODO SwiftUI/Preview Content\"";
				DEVELOPMENT_TEAM = 8XKJMUFXXB;
				ENABLE_PREVIEWS = YES;
				GENERATE_INFOPLIST_FILE = YES;
				INFOPLIST_KEY_UIApplicationSceneManifest_Generation = YES;
				INFOPLIST_KEY_UIApplicationSupportsIndirectInputEvents = YES;
				INFOPLIST_KEY_UILaunchScreen_Generation = YES;
				INFOPLIST_KEY_UISupportedInterfaceOrientations_iPad = "UIInterfaceOrientationPortrait UIInterfaceOrientationPortraitUpsideDown UIInterfaceOrientationLandscapeLeft UIInterfaceOrientationLandscapeRight";
				INFOPLIST_KEY_UISupportedInterfaceOrientations_iPhone = "UIInterfaceOrientationPortrait UIInterfaceOrientationLandscapeLeft UIInterfaceOrientationLandscapeRight";
				LD_RUNPATH_SEARCH_PATHS = (
					"$(inherited)",
					"@executable_path/Frameworks",
				);
				MARKETING_VERSION = 1.0;
				PRODUCT_BUNDLE_IDENTIFIER = "com.melis.TODO-SwiftUI";
				PRODUCT_NAME = "$(TARGET_NAME)";
				SWIFT_EMIT_LOC_STRINGS = YES;
				SWIFT_VERSION = 5.0;
				TARGETED_DEVICE_FAMILY = "1,2";
			};
			name = Release;
		};
/* End XCBuildConfiguration section */

/* Begin XCConfigurationList section */
		85AD51C729717F6600CFEFC8 /* Build configuration list for PBXProject "TODO SwiftUI" */ = {
			isa = XCConfigurationList;
			buildConfigurations = (
				85AD51D829717F6800CFEFC8 /* Debug */,
				85AD51D929717F6800CFEFC8 /* Release */,
			);
			defaultConfigurationIsVisible = 0;
			defaultConfigurationName = Release;
		};
		85AD51DA29717F6800CFEFC8 /* Build configuration list for PBXNativeTarget "TODO SwiftUI" */ = {
			isa = XCConfigurationList;
			buildConfigurations = (
				85AD51DB29717F6800CFEFC8 /* Debug */,
				85AD51DC29717F6800CFEFC8 /* Release */,
			);
			defaultConfigurationIsVisible = 0;
			defaultConfigurationName = Release;
		};
/* End XCConfigurationList section */

/* Begin XCRemoteSwiftPackageReference section */
		85900E7829880EC70064F967 /* XCRemoteSwiftPackageReference "firebase-ios-sdk" */ = {
			isa = XCRemoteSwiftPackageReference;
			repositoryURL = "https://github.com/firebase/firebase-ios-sdk";
			requirement = {
				kind = upToNextMajorVersion;
				minimumVersion = 9.0.0;
			};
		};
/* End XCRemoteSwiftPackageReference section */

/* Begin XCSwiftPackageProductDependency section */
		85900E7929880EC70064F967 /* FirebaseAuth */ = {
			isa = XCSwiftPackageProductDependency;
			package = 85900E7829880EC70064F967 /* XCRemoteSwiftPackageReference "firebase-ios-sdk" */;
			productName = FirebaseAuth;
		};
		85900E7B29880EC70064F967 /* FirebaseAuthCombine-Community */ = {
			isa = XCSwiftPackageProductDependency;
			package = 85900E7829880EC70064F967 /* XCRemoteSwiftPackageReference "firebase-ios-sdk" */;
			productName = "FirebaseAuthCombine-Community";
		};
		85900E7D29880EC70064F967 /* FirebaseFirestore */ = {
			isa = XCSwiftPackageProductDependency;
			package = 85900E7829880EC70064F967 /* XCRemoteSwiftPackageReference "firebase-ios-sdk" */;
			productName = FirebaseFirestore;
		};
		85900E7F29880EC70064F967 /* FirebaseFirestoreCombine-Community */ = {
			isa = XCSwiftPackageProductDependency;
			package = 85900E7829880EC70064F967 /* XCRemoteSwiftPackageReference "firebase-ios-sdk" */;
			productName = "FirebaseFirestoreCombine-Community";
		};
		85900E8129880EC70064F967 /* FirebaseFirestoreSwift */ = {
			isa = XCSwiftPackageProductDependency;
			package = 85900E7829880EC70064F967 /* XCRemoteSwiftPackageReference "firebase-ios-sdk" */;
			productName = FirebaseFirestoreSwift;
		};
/* End XCSwiftPackageProductDependency section */
	};
	rootObject = 85AD51C429717F6600CFEFC8 /* Project object */;
}
